// !$*UTF8*$!
{
	archiveVersion = 1;
	classes = {
	};
	objectVersion = 46;
	objects = {

/* Begin PBXBuildFile section */
		B12F033C1C8FEC0F007BC6D5 /* YYCache.m in Sources */ = {isa = PBXBuildFile; fileRef = B12F03161C8FEC0F007BC6D5 /* YYCache.m */; };
		B12F033D1C8FEC0F007BC6D5 /* YYDiskCache.m in Sources */ = {isa = PBXBuildFile; fileRef = B12F03181C8FEC0F007BC6D5 /* YYDiskCache.m */; };
		B12F033E1C8FEC0F007BC6D5 /* YYKVStorage.m in Sources */ = {isa = PBXBuildFile; fileRef = B12F031A1C8FEC0F007BC6D5 /* YYKVStorage.m */; };
		B12F033F1C8FEC0F007BC6D5 /* YYMemoryCache.m in Sources */ = {isa = PBXBuildFile; fileRef = B12F031C1C8FEC0F007BC6D5 /* YYMemoryCache.m */; };
		B12F03401C8FEC0F007BC6D5 /* _YYWebImageSetter.m in Sources */ = {isa = PBXBuildFile; fileRef = B12F031F1C8FEC0F007BC6D5 /* _YYWebImageSetter.m */; };
		B12F03411C8FEC0F007BC6D5 /* CALayer+YYWebImage.m in Sources */ = {isa = PBXBuildFile; fileRef = B12F03211C8FEC0F007BC6D5 /* CALayer+YYWebImage.m */; };
		B12F03421C8FEC0F007BC6D5 /* MKAnnotationView+YYWebImage.m in Sources */ = {isa = PBXBuildFile; fileRef = B12F03231C8FEC0F007BC6D5 /* MKAnnotationView+YYWebImage.m */; };
		B12F03431C8FEC0F007BC6D5 /* UIButton+YYWebImage.m in Sources */ = {isa = PBXBuildFile; fileRef = B12F03251C8FEC0F007BC6D5 /* UIButton+YYWebImage.m */; };
		B12F03441C8FEC0F007BC6D5 /* UIImage+YYWebImage.m in Sources */ = {isa = PBXBuildFile; fileRef = B12F03271C8FEC0F007BC6D5 /* UIImage+YYWebImage.m */; };
		B12F03451C8FEC0F007BC6D5 /* UIImageView+YYWebImage.m in Sources */ = {isa = PBXBuildFile; fileRef = B12F03291C8FEC0F007BC6D5 /* UIImageView+YYWebImage.m */; };
		B12F03461C8FEC0F007BC6D5 /* YYAnimatedImageView.m in Sources */ = {isa = PBXBuildFile; fileRef = B12F032C1C8FEC0F007BC6D5 /* YYAnimatedImageView.m */; };
		B12F03471C8FEC0F007BC6D5 /* YYFrameImage.m in Sources */ = {isa = PBXBuildFile; fileRef = B12F032E1C8FEC0F007BC6D5 /* YYFrameImage.m */; };
		B12F03481C8FEC0F007BC6D5 /* YYImage.m in Sources */ = {isa = PBXBuildFile; fileRef = B12F03301C8FEC0F007BC6D5 /* YYImage.m */; };
		B12F03491C8FEC0F007BC6D5 /* YYImageCoder.m in Sources */ = {isa = PBXBuildFile; fileRef = B12F03321C8FEC0F007BC6D5 /* YYImageCoder.m */; };
		B12F034A1C8FEC0F007BC6D5 /* YYSpriteSheetImage.m in Sources */ = {isa = PBXBuildFile; fileRef = B12F03341C8FEC0F007BC6D5 /* YYSpriteSheetImage.m */; };
		B12F034B1C8FEC0F007BC6D5 /* YYImageCache.m in Sources */ = {isa = PBXBuildFile; fileRef = B12F03361C8FEC0F007BC6D5 /* YYImageCache.m */; };
		B12F034C1C8FEC0F007BC6D5 /* YYWebImageManager.m in Sources */ = {isa = PBXBuildFile; fileRef = B12F03391C8FEC0F007BC6D5 /* YYWebImageManager.m */; };
		B12F034D1C8FEC0F007BC6D5 /* YYWebImageOperation.m in Sources */ = {isa = PBXBuildFile; fileRef = B12F033B1C8FEC0F007BC6D5 /* YYWebImageOperation.m */; };
		B12F034F1C8FECE2007BC6D5 /* QuartzCore.framework in Frameworks */ = {isa = PBXBuildFile; fileRef = B12F034E1C8FECE2007BC6D5 /* QuartzCore.framework */; };
		B12F03511C8FECEE007BC6D5 /* AssetsLibrary.framework in Frameworks */ = {isa = PBXBuildFile; fileRef = B12F03501C8FECEE007BC6D5 /* AssetsLibrary.framework */; };
		B12F03531C8FED04007BC6D5 /* ImageIO.framework in Frameworks */ = {isa = PBXBuildFile; fileRef = B12F03521C8FED04007BC6D5 /* ImageIO.framework */; };
		B12F03551C8FED0C007BC6D5 /* Accelerate.framework in Frameworks */ = {isa = PBXBuildFile; fileRef = B12F03541C8FED0C007BC6D5 /* Accelerate.framework */; };
		B12F03571C8FED15007BC6D5 /* MobileCoreServices.framework in Frameworks */ = {isa = PBXBuildFile; fileRef = B12F03561C8FED15007BC6D5 /* MobileCoreServices.framework */; };
		B12F03591C8FED3E007BC6D5 /* libz.tbd in Frameworks */ = {isa = PBXBuildFile; fileRef = B12F03581C8FED3E007BC6D5 /* libz.tbd */; };
		B12F035B1C8FED48007BC6D5 /* libsqlite3.tbd in Frameworks */ = {isa = PBXBuildFile; fileRef = B12F035A1C8FED48007BC6D5 /* libsqlite3.tbd */; };
		B15D76A71C87D8EA0037E02E /* tableViewController.m in Sources */ = {isa = PBXBuildFile; fileRef = B15D76A61C87D8EA0037E02E /* tableViewController.m */; };
		B15D76AE1C87EFCB0037E02E /* NSObject+YYModel.m in Sources */ = {isa = PBXBuildFile; fileRef = B15D76AA1C87EFCB0037E02E /* NSObject+YYModel.m */; };
		B15D76AF1C87EFCB0037E02E /* YYClassInfo.m in Sources */ = {isa = PBXBuildFile; fileRef = B15D76AC1C87EFCB0037E02E /* YYClassInfo.m */; };
		B15D76B31C8806A20037E02E /* AZButtonRow.m in Sources */ = {isa = PBXBuildFile; fileRef = B15D76B21C8806A20037E02E /* AZButtonRow.m */; };
		B15D76B61C8806C90037E02E /* AZButtonTableViewCell.m in Sources */ = {isa = PBXBuildFile; fileRef = B15D76B51C8806C90037E02E /* AZButtonTableViewCell.m */; };
		B15D76B81C8847BA0037E02E /* sectionTemplate.json in Resources */ = {isa = PBXBuildFile; fileRef = B15D76B71C8847BA0037E02E /* sectionTemplate.json */; };
		B15D76BB1C893B370037E02E /* AZConvert.m in Sources */ = {isa = PBXBuildFile; fileRef = B15D76BA1C893B370037E02E /* AZConvert.m */; };
		B15D76C01C8978330037E02E /* AZFieldRow.m in Sources */ = {isa = PBXBuildFile; fileRef = B15D76BF1C8978330037E02E /* AZFieldRow.m */; };
		B15D76C31C8978510037E02E /* AZFieldTableViewCell.m in Sources */ = {isa = PBXBuildFile; fileRef = B15D76C21C8978510037E02E /* AZFieldTableViewCell.m */; };
		B15D76C61C8978650037E02E /* AZInputRow.m in Sources */ = {isa = PBXBuildFile; fileRef = B15D76C51C8978650037E02E /* AZInputRow.m */; };
		B15D76C91C8978930037E02E /* AZInputTableViewCell.m in Sources */ = {isa = PBXBuildFile; fileRef = B15D76C81C8978930037E02E /* AZInputTableViewCell.m */; };
		B15D76CB1C897DE20037E02E /* basicForm.json in Resources */ = {isa = PBXBuildFile; fileRef = B15D76CA1C897DE20037E02E /* basicForm.json */; };
		B15D76CD1C89817E0037E02E /* AZTableView.bundle in Resources */ = {isa = PBXBuildFile; fileRef = B15D76CC1C89817E0037E02E /* AZTableView.bundle */; };
		B199D4F91C86D4F200369782 /* main.m in Sources */ = {isa = PBXBuildFile; fileRef = B199D4F81C86D4F200369782 /* main.m */; };
		B199D4FC1C86D4F300369782 /* AppDelegate.m in Sources */ = {isa = PBXBuildFile; fileRef = B199D4FB1C86D4F300369782 /* AppDelegate.m */; };
		B199D4FF1C86D4F300369782 /* ViewController.m in Sources */ = {isa = PBXBuildFile; fileRef = B199D4FE1C86D4F300369782 /* ViewController.m */; };
		B199D5041C86D4F300369782 /* Assets.xcassets in Resources */ = {isa = PBXBuildFile; fileRef = B199D5031C86D4F300369782 /* Assets.xcassets */; };
		B199D5071C86D4F300369782 /* LaunchScreen.storyboard in Resources */ = {isa = PBXBuildFile; fileRef = B199D5051C86D4F300369782 /* LaunchScreen.storyboard */; };
		B199D5111C86D58C00369782 /* AZTableView.m in Sources */ = {isa = PBXBuildFile; fileRef = B199D5101C86D58C00369782 /* AZTableView.m */; };
		B199D5161C86E11E00369782 /* AZRoot.m in Sources */ = {isa = PBXBuildFile; fileRef = B199D5151C86E11E00369782 /* AZRoot.m */; };
		B199D5191C86E1BB00369782 /* AZSection.m in Sources */ = {isa = PBXBuildFile; fileRef = B199D5181C86E1BB00369782 /* AZSection.m */; };
		B199D51C1C86E1CE00369782 /* AZRow.m in Sources */ = {isa = PBXBuildFile; fileRef = B199D51B1C86E1CE00369782 /* AZRow.m */; };
		B199D51F1C86E1E400369782 /* AZItem.m in Sources */ = {isa = PBXBuildFile; fileRef = B199D51E1C86E1E400369782 /* AZItem.m */; };
		B199D5221C86E51C00369782 /* AZTableViewCell.m in Sources */ = {isa = PBXBuildFile; fileRef = B199D5211C86E51C00369782 /* AZTableViewCell.m */; };
		B199D5251C86F10E00369782 /* AZTableViewDataSource.m in Sources */ = {isa = PBXBuildFile; fileRef = B199D5241C86F10E00369782 /* AZTableViewDataSource.m */; };
		B199D5281C86F75100369782 /* AZTableViewDelegate.m in Sources */ = {isa = PBXBuildFile; fileRef = B199D5271C86F75100369782 /* AZTableViewDelegate.m */; };
		B199D52B1C86F7C300369782 /* AZTableViewDelegateWithRowHeight.m in Sources */ = {isa = PBXBuildFile; fileRef = B199D52A1C86F7C300369782 /* AZTableViewDelegateWithRowHeight.m */; };
/* End PBXBuildFile section */

/* Begin PBXFileReference section */
		B12F03151C8FEC0F007BC6D5 /* YYCache.h */ = {isa = PBXFileReference; fileEncoding = 4; lastKnownFileType = sourcecode.c.h; path = YYCache.h; sourceTree = "<group>"; };
		B12F03161C8FEC0F007BC6D5 /* YYCache.m */ = {isa = PBXFileReference; fileEncoding = 4; lastKnownFileType = sourcecode.c.objc; path = YYCache.m; sourceTree = "<group>"; };
		B12F03171C8FEC0F007BC6D5 /* YYDiskCache.h */ = {isa = PBXFileReference; fileEncoding = 4; lastKnownFileType = sourcecode.c.h; path = YYDiskCache.h; sourceTree = "<group>"; };
		B12F03181C8FEC0F007BC6D5 /* YYDiskCache.m */ = {isa = PBXFileReference; fileEncoding = 4; lastKnownFileType = sourcecode.c.objc; path = YYDiskCache.m; sourceTree = "<group>"; };
		B12F03191C8FEC0F007BC6D5 /* YYKVStorage.h */ = {isa = PBXFileReference; fileEncoding = 4; lastKnownFileType = sourcecode.c.h; path = YYKVStorage.h; sourceTree = "<group>"; };
		B12F031A1C8FEC0F007BC6D5 /* YYKVStorage.m */ = {isa = PBXFileReference; fileEncoding = 4; lastKnownFileType = sourcecode.c.objc; path = YYKVStorage.m; sourceTree = "<group>"; };
		B12F031B1C8FEC0F007BC6D5 /* YYMemoryCache.h */ = {isa = PBXFileReference; fileEncoding = 4; lastKnownFileType = sourcecode.c.h; path = YYMemoryCache.h; sourceTree = "<group>"; };
		B12F031C1C8FEC0F007BC6D5 /* YYMemoryCache.m */ = {isa = PBXFileReference; fileEncoding = 4; lastKnownFileType = sourcecode.c.objc; path = YYMemoryCache.m; sourceTree = "<group>"; };
		B12F031E1C8FEC0F007BC6D5 /* _YYWebImageSetter.h */ = {isa = PBXFileReference; fileEncoding = 4; lastKnownFileType = sourcecode.c.h; path = _YYWebImageSetter.h; sourceTree = "<group>"; };
		B12F031F1C8FEC0F007BC6D5 /* _YYWebImageSetter.m */ = {isa = PBXFileReference; fileEncoding = 4; lastKnownFileType = sourcecode.c.objc; path = _YYWebImageSetter.m; sourceTree = "<group>"; };
		B12F03201C8FEC0F007BC6D5 /* CALayer+YYWebImage.h */ = {isa = PBXFileReference; fileEncoding = 4; lastKnownFileType = sourcecode.c.h; path = "CALayer+YYWebImage.h"; sourceTree = "<group>"; };
		B12F03211C8FEC0F007BC6D5 /* CALayer+YYWebImage.m */ = {isa = PBXFileReference; fileEncoding = 4; lastKnownFileType = sourcecode.c.objc; path = "CALayer+YYWebImage.m"; sourceTree = "<group>"; };
		B12F03221C8FEC0F007BC6D5 /* MKAnnotationView+YYWebImage.h */ = {isa = PBXFileReference; fileEncoding = 4; lastKnownFileType = sourcecode.c.h; path = "MKAnnotationView+YYWebImage.h"; sourceTree = "<group>"; };
		B12F03231C8FEC0F007BC6D5 /* MKAnnotationView+YYWebImage.m */ = {isa = PBXFileReference; fileEncoding = 4; lastKnownFileType = sourcecode.c.objc; path = "MKAnnotationView+YYWebImage.m"; sourceTree = "<group>"; };
		B12F03241C8FEC0F007BC6D5 /* UIButton+YYWebImage.h */ = {isa = PBXFileReference; fileEncoding = 4; lastKnownFileType = sourcecode.c.h; path = "UIButton+YYWebImage.h"; sourceTree = "<group>"; };
		B12F03251C8FEC0F007BC6D5 /* UIButton+YYWebImage.m */ = {isa = PBXFileReference; fileEncoding = 4; lastKnownFileType = sourcecode.c.objc; path = "UIButton+YYWebImage.m"; sourceTree = "<group>"; };
		B12F03261C8FEC0F007BC6D5 /* UIImage+YYWebImage.h */ = {isa = PBXFileReference; fileEncoding = 4; lastKnownFileType = sourcecode.c.h; path = "UIImage+YYWebImage.h"; sourceTree = "<group>"; };
		B12F03271C8FEC0F007BC6D5 /* UIImage+YYWebImage.m */ = {isa = PBXFileReference; fileEncoding = 4; lastKnownFileType = sourcecode.c.objc; path = "UIImage+YYWebImage.m"; sourceTree = "<group>"; };
		B12F03281C8FEC0F007BC6D5 /* UIImageView+YYWebImage.h */ = {isa = PBXFileReference; fileEncoding = 4; lastKnownFileType = sourcecode.c.h; path = "UIImageView+YYWebImage.h"; sourceTree = "<group>"; };
		B12F03291C8FEC0F007BC6D5 /* UIImageView+YYWebImage.m */ = {isa = PBXFileReference; fileEncoding = 4; lastKnownFileType = sourcecode.c.objc; path = "UIImageView+YYWebImage.m"; sourceTree = "<group>"; };
		B12F032B1C8FEC0F007BC6D5 /* YYAnimatedImageView.h */ = {isa = PBXFileReference; fileEncoding = 4; lastKnownFileType = sourcecode.c.h; path = YYAnimatedImageView.h; sourceTree = "<group>"; };
		B12F032C1C8FEC0F007BC6D5 /* YYAnimatedImageView.m */ = {isa = PBXFileReference; fileEncoding = 4; lastKnownFileType = sourcecode.c.objc; path = YYAnimatedImageView.m; sourceTree = "<group>"; };
		B12F032D1C8FEC0F007BC6D5 /* YYFrameImage.h */ = {isa = PBXFileReference; fileEncoding = 4; lastKnownFileType = sourcecode.c.h; path = YYFrameImage.h; sourceTree = "<group>"; };
		B12F032E1C8FEC0F007BC6D5 /* YYFrameImage.m */ = {isa = PBXFileReference; fileEncoding = 4; lastKnownFileType = sourcecode.c.objc; path = YYFrameImage.m; sourceTree = "<group>"; };
		B12F032F1C8FEC0F007BC6D5 /* YYImage.h */ = {isa = PBXFileReference; fileEncoding = 4; lastKnownFileType = sourcecode.c.h; path = YYImage.h; sourceTree = "<group>"; };
		B12F03301C8FEC0F007BC6D5 /* YYImage.m */ = {isa = PBXFileReference; fileEncoding = 4; lastKnownFileType = sourcecode.c.objc; path = YYImage.m; sourceTree = "<group>"; };
		B12F03311C8FEC0F007BC6D5 /* YYImageCoder.h */ = {isa = PBXFileReference; fileEncoding = 4; lastKnownFileType = sourcecode.c.h; path = YYImageCoder.h; sourceTree = "<group>"; };
		B12F03321C8FEC0F007BC6D5 /* YYImageCoder.m */ = {isa = PBXFileReference; fileEncoding = 4; lastKnownFileType = sourcecode.c.objc; path = YYImageCoder.m; sourceTree = "<group>"; };
		B12F03331C8FEC0F007BC6D5 /* YYSpriteSheetImage.h */ = {isa = PBXFileReference; fileEncoding = 4; lastKnownFileType = sourcecode.c.h; path = YYSpriteSheetImage.h; sourceTree = "<group>"; };
		B12F03341C8FEC0F007BC6D5 /* YYSpriteSheetImage.m */ = {isa = PBXFileReference; fileEncoding = 4; lastKnownFileType = sourcecode.c.objc; path = YYSpriteSheetImage.m; sourceTree = "<group>"; };
		B12F03351C8FEC0F007BC6D5 /* YYImageCache.h */ = {isa = PBXFileReference; fileEncoding = 4; lastKnownFileType = sourcecode.c.h; path = YYImageCache.h; sourceTree = "<group>"; };
		B12F03361C8FEC0F007BC6D5 /* YYImageCache.m */ = {isa = PBXFileReference; fileEncoding = 4; lastKnownFileType = sourcecode.c.objc; path = YYImageCache.m; sourceTree = "<group>"; };
		B12F03371C8FEC0F007BC6D5 /* YYWebImage.h */ = {isa = PBXFileReference; fileEncoding = 4; lastKnownFileType = sourcecode.c.h; path = YYWebImage.h; sourceTree = "<group>"; };
		B12F03381C8FEC0F007BC6D5 /* YYWebImageManager.h */ = {isa = PBXFileReference; fileEncoding = 4; lastKnownFileType = sourcecode.c.h; path = YYWebImageManager.h; sourceTree = "<group>"; };
		B12F03391C8FEC0F007BC6D5 /* YYWebImageManager.m */ = {isa = PBXFileReference; fileEncoding = 4; lastKnownFileType = sourcecode.c.objc; path = YYWebImageManager.m; sourceTree = "<group>"; };
		B12F033A1C8FEC0F007BC6D5 /* YYWebImageOperation.h */ = {isa = PBXFileReference; fileEncoding = 4; lastKnownFileType = sourcecode.c.h; path = YYWebImageOperation.h; sourceTree = "<group>"; };
		B12F033B1C8FEC0F007BC6D5 /* YYWebImageOperation.m */ = {isa = PBXFileReference; fileEncoding = 4; lastKnownFileType = sourcecode.c.objc; path = YYWebImageOperation.m; sourceTree = "<group>"; };
		B12F034E1C8FECE2007BC6D5 /* QuartzCore.framework */ = {isa = PBXFileReference; lastKnownFileType = wrapper.framework; name = QuartzCore.framework; path = System/Library/Frameworks/QuartzCore.framework; sourceTree = SDKROOT; };
		B12F03501C8FECEE007BC6D5 /* AssetsLibrary.framework */ = {isa = PBXFileReference; lastKnownFileType = wrapper.framework; name = AssetsLibrary.framework; path = System/Library/Frameworks/AssetsLibrary.framework; sourceTree = SDKROOT; };
		B12F03521C8FED04007BC6D5 /* ImageIO.framework */ = {isa = PBXFileReference; lastKnownFileType = wrapper.framework; name = ImageIO.framework; path = System/Library/Frameworks/ImageIO.framework; sourceTree = SDKROOT; };
		B12F03541C8FED0C007BC6D5 /* Accelerate.framework */ = {isa = PBXFileReference; lastKnownFileType = wrapper.framework; name = Accelerate.framework; path = System/Library/Frameworks/Accelerate.framework; sourceTree = SDKROOT; };
		B12F03561C8FED15007BC6D5 /* MobileCoreServices.framework */ = {isa = PBXFileReference; lastKnownFileType = wrapper.framework; name = MobileCoreServices.framework; path = System/Library/Frameworks/MobileCoreServices.framework; sourceTree = SDKROOT; };
		B12F03581C8FED3E007BC6D5 /* libz.tbd */ = {isa = PBXFileReference; lastKnownFileType = "sourcecode.text-based-dylib-definition"; name = libz.tbd; path = usr/lib/libz.tbd; sourceTree = SDKROOT; };
		B12F035A1C8FED48007BC6D5 /* libsqlite3.tbd */ = {isa = PBXFileReference; lastKnownFileType = "sourcecode.text-based-dylib-definition"; name = libsqlite3.tbd; path = usr/lib/libsqlite3.tbd; sourceTree = SDKROOT; };
		B15D76A51C87D8EA0037E02E /* tableViewController.h */ = {isa = PBXFileReference; fileEncoding = 4; lastKnownFileType = sourcecode.c.h; path = tableViewController.h; sourceTree = "<group>"; };
		B15D76A61C87D8EA0037E02E /* tableViewController.m */ = {isa = PBXFileReference; fileEncoding = 4; lastKnownFileType = sourcecode.c.objc; path = tableViewController.m; sourceTree = "<group>"; };
		B15D76A91C87EFCB0037E02E /* NSObject+YYModel.h */ = {isa = PBXFileReference; fileEncoding = 4; lastKnownFileType = sourcecode.c.h; path = "NSObject+YYModel.h"; sourceTree = "<group>"; };
		B15D76AA1C87EFCB0037E02E /* NSObject+YYModel.m */ = {isa = PBXFileReference; fileEncoding = 4; lastKnownFileType = sourcecode.c.objc; path = "NSObject+YYModel.m"; sourceTree = "<group>"; };
		B15D76AB1C87EFCB0037E02E /* YYClassInfo.h */ = {isa = PBXFileReference; fileEncoding = 4; lastKnownFileType = sourcecode.c.h; path = YYClassInfo.h; sourceTree = "<group>"; };
		B15D76AC1C87EFCB0037E02E /* YYClassInfo.m */ = {isa = PBXFileReference; fileEncoding = 4; lastKnownFileType = sourcecode.c.objc; path = YYClassInfo.m; sourceTree = "<group>"; };
		B15D76AD1C87EFCB0037E02E /* YYModel.h */ = {isa = PBXFileReference; fileEncoding = 4; lastKnownFileType = sourcecode.c.h; path = YYModel.h; sourceTree = "<group>"; };
		B15D76B11C8806A20037E02E /* AZButtonRow.h */ = {isa = PBXFileReference; fileEncoding = 4; lastKnownFileType = sourcecode.c.h; path = AZButtonRow.h; sourceTree = "<group>"; };
		B15D76B21C8806A20037E02E /* AZButtonRow.m */ = {isa = PBXFileReference; fileEncoding = 4; lastKnownFileType = sourcecode.c.objc; path = AZButtonRow.m; sourceTree = "<group>"; };
		B15D76B41C8806C90037E02E /* AZButtonTableViewCell.h */ = {isa = PBXFileReference; fileEncoding = 4; lastKnownFileType = sourcecode.c.h; path = AZButtonTableViewCell.h; sourceTree = "<group>"; };
		B15D76B51C8806C90037E02E /* AZButtonTableViewCell.m */ = {isa = PBXFileReference; fileEncoding = 4; lastKnownFileType = sourcecode.c.objc; path = AZButtonTableViewCell.m; sourceTree = "<group>"; };
		B15D76B71C8847BA0037E02E /* sectionTemplate.json */ = {isa = PBXFileReference; fileEncoding = 4; lastKnownFileType = text.json; path = sectionTemplate.json; sourceTree = "<group>"; };
		B15D76B91C893B370037E02E /* AZConvert.h */ = {isa = PBXFileReference; fileEncoding = 4; lastKnownFileType = sourcecode.c.h; path = AZConvert.h; sourceTree = "<group>"; };
		B15D76BA1C893B370037E02E /* AZConvert.m */ = {isa = PBXFileReference; fileEncoding = 4; lastKnownFileType = sourcecode.c.objc; path = AZConvert.m; sourceTree = "<group>"; };
		B15D76BE1C8978330037E02E /* AZFieldRow.h */ = {isa = PBXFileReference; fileEncoding = 4; lastKnownFileType = sourcecode.c.h; path = AZFieldRow.h; sourceTree = "<group>"; };
		B15D76BF1C8978330037E02E /* AZFieldRow.m */ = {isa = PBXFileReference; fileEncoding = 4; lastKnownFileType = sourcecode.c.objc; path = AZFieldRow.m; sourceTree = "<group>"; };
		B15D76C11C8978510037E02E /* AZFieldTableViewCell.h */ = {isa = PBXFileReference; fileEncoding = 4; lastKnownFileType = sourcecode.c.h; path = AZFieldTableViewCell.h; sourceTree = "<group>"; };
		B15D76C21C8978510037E02E /* AZFieldTableViewCell.m */ = {isa = PBXFileReference; fileEncoding = 4; lastKnownFileType = sourcecode.c.objc; path = AZFieldTableViewCell.m; sourceTree = "<group>"; };
		B15D76C41C8978650037E02E /* AZInputRow.h */ = {isa = PBXFileReference; fileEncoding = 4; lastKnownFileType = sourcecode.c.h; path = AZInputRow.h; sourceTree = "<group>"; };
		B15D76C51C8978650037E02E /* AZInputRow.m */ = {isa = PBXFileReference; fileEncoding = 4; lastKnownFileType = sourcecode.c.objc; path = AZInputRow.m; sourceTree = "<group>"; };
		B15D76C71C8978930037E02E /* AZInputTableViewCell.h */ = {isa = PBXFileReference; fileEncoding = 4; lastKnownFileType = sourcecode.c.h; path = AZInputTableViewCell.h; sourceTree = "<group>"; };
		B15D76C81C8978930037E02E /* AZInputTableViewCell.m */ = {isa = PBXFileReference; fileEncoding = 4; lastKnownFileType = sourcecode.c.objc; path = AZInputTableViewCell.m; sourceTree = "<group>"; };
		B15D76CA1C897DE20037E02E /* basicForm.json */ = {isa = PBXFileReference; fileEncoding = 4; lastKnownFileType = text.json; path = basicForm.json; sourceTree = "<group>"; };
		B15D76CC1C89817E0037E02E /* AZTableView.bundle */ = {isa = PBXFileReference; lastKnownFileType = "wrapper.plug-in"; path = AZTableView.bundle; sourceTree = "<group>"; };
		B199D4F41C86D4F200369782 /* AZTableViewExample.app */ = {isa = PBXFileReference; explicitFileType = wrapper.application; includeInIndex = 0; path = AZTableViewExample.app; sourceTree = BUILT_PRODUCTS_DIR; };
		B199D4F81C86D4F200369782 /* main.m */ = {isa = PBXFileReference; lastKnownFileType = sourcecode.c.objc; path = main.m; sourceTree = "<group>"; };
		B199D4FA1C86D4F200369782 /* AppDelegate.h */ = {isa = PBXFileReference; lastKnownFileType = sourcecode.c.h; path = AppDelegate.h; sourceTree = "<group>"; };
		B199D4FB1C86D4F300369782 /* AppDelegate.m */ = {isa = PBXFileReference; lastKnownFileType = sourcecode.c.objc; path = AppDelegate.m; sourceTree = "<group>"; };
		B199D4FD1C86D4F300369782 /* ViewController.h */ = {isa = PBXFileReference; lastKnownFileType = sourcecode.c.h; path = ViewController.h; sourceTree = "<group>"; };
		B199D4FE1C86D4F300369782 /* ViewController.m */ = {isa = PBXFileReference; lastKnownFileType = sourcecode.c.objc; path = ViewController.m; sourceTree = "<group>"; };
		B199D5031C86D4F300369782 /* Assets.xcassets */ = {isa = PBXFileReference; lastKnownFileType = folder.assetcatalog; path = Assets.xcassets; sourceTree = "<group>"; };
		B199D5061C86D4F300369782 /* Base */ = {isa = PBXFileReference; lastKnownFileType = file.storyboard; name = Base; path = Base.lproj/LaunchScreen.storyboard; sourceTree = "<group>"; };
		B199D5081C86D4F300369782 /* Info.plist */ = {isa = PBXFileReference; lastKnownFileType = text.plist.xml; path = Info.plist; sourceTree = "<group>"; };
		B199D50F1C86D58C00369782 /* AZTableView.h */ = {isa = PBXFileReference; fileEncoding = 4; lastKnownFileType = sourcecode.c.h; path = AZTableView.h; sourceTree = "<group>"; };
		B199D5101C86D58C00369782 /* AZTableView.m */ = {isa = PBXFileReference; fileEncoding = 4; lastKnownFileType = sourcecode.c.objc; path = AZTableView.m; sourceTree = "<group>"; };
		B199D5141C86E11E00369782 /* AZRoot.h */ = {isa = PBXFileReference; fileEncoding = 4; lastKnownFileType = sourcecode.c.h; path = AZRoot.h; sourceTree = "<group>"; };
		B199D5151C86E11E00369782 /* AZRoot.m */ = {isa = PBXFileReference; fileEncoding = 4; lastKnownFileType = sourcecode.c.objc; path = AZRoot.m; sourceTree = "<group>"; };
		B199D5171C86E1BB00369782 /* AZSection.h */ = {isa = PBXFileReference; fileEncoding = 4; lastKnownFileType = sourcecode.c.h; path = AZSection.h; sourceTree = "<group>"; };
		B199D5181C86E1BB00369782 /* AZSection.m */ = {isa = PBXFileReference; fileEncoding = 4; lastKnownFileType = sourcecode.c.objc; path = AZSection.m; sourceTree = "<group>"; };
		B199D51A1C86E1CE00369782 /* AZRow.h */ = {isa = PBXFileReference; fileEncoding = 4; lastKnownFileType = sourcecode.c.h; path = AZRow.h; sourceTree = "<group>"; };
		B199D51B1C86E1CE00369782 /* AZRow.m */ = {isa = PBXFileReference; fileEncoding = 4; lastKnownFileType = sourcecode.c.objc; path = AZRow.m; sourceTree = "<group>"; };
		B199D51D1C86E1E400369782 /* AZItem.h */ = {isa = PBXFileReference; fileEncoding = 4; lastKnownFileType = sourcecode.c.h; path = AZItem.h; sourceTree = "<group>"; };
		B199D51E1C86E1E400369782 /* AZItem.m */ = {isa = PBXFileReference; fileEncoding = 4; lastKnownFileType = sourcecode.c.objc; path = AZItem.m; sourceTree = "<group>"; };
		B199D5201C86E51C00369782 /* AZTableViewCell.h */ = {isa = PBXFileReference; fileEncoding = 4; lastKnownFileType = sourcecode.c.h; path = AZTableViewCell.h; sourceTree = "<group>"; };
		B199D5211C86E51C00369782 /* AZTableViewCell.m */ = {isa = PBXFileReference; fileEncoding = 4; lastKnownFileType = sourcecode.c.objc; path = AZTableViewCell.m; sourceTree = "<group>"; };
		B199D5231C86F10E00369782 /* AZTableViewDataSource.h */ = {isa = PBXFileReference; fileEncoding = 4; lastKnownFileType = sourcecode.c.h; path = AZTableViewDataSource.h; sourceTree = "<group>"; };
		B199D5241C86F10E00369782 /* AZTableViewDataSource.m */ = {isa = PBXFileReference; fileEncoding = 4; lastKnownFileType = sourcecode.c.objc; path = AZTableViewDataSource.m; sourceTree = "<group>"; };
		B199D5261C86F75100369782 /* AZTableViewDelegate.h */ = {isa = PBXFileReference; fileEncoding = 4; lastKnownFileType = sourcecode.c.h; path = AZTableViewDelegate.h; sourceTree = "<group>"; };
		B199D5271C86F75100369782 /* AZTableViewDelegate.m */ = {isa = PBXFileReference; fileEncoding = 4; lastKnownFileType = sourcecode.c.objc; path = AZTableViewDelegate.m; sourceTree = "<group>"; };
		B199D5291C86F7C300369782 /* AZTableViewDelegateWithRowHeight.h */ = {isa = PBXFileReference; fileEncoding = 4; lastKnownFileType = sourcecode.c.h; path = AZTableViewDelegateWithRowHeight.h; sourceTree = "<group>"; };
		B199D52A1C86F7C300369782 /* AZTableViewDelegateWithRowHeight.m */ = {isa = PBXFileReference; fileEncoding = 4; lastKnownFileType = sourcecode.c.objc; path = AZTableViewDelegateWithRowHeight.m; sourceTree = "<group>"; };
/* End PBXFileReference section */

/* Begin PBXFrameworksBuildPhase section */
		B199D4F11C86D4F200369782 /* Frameworks */ = {
			isa = PBXFrameworksBuildPhase;
			buildActionMask = 2147483647;
			files = (
				B12F035B1C8FED48007BC6D5 /* libsqlite3.tbd in Frameworks */,
				B12F03591C8FED3E007BC6D5 /* libz.tbd in Frameworks */,
				B12F03571C8FED15007BC6D5 /* MobileCoreServices.framework in Frameworks */,
				B12F03551C8FED0C007BC6D5 /* Accelerate.framework in Frameworks */,
				B12F03531C8FED04007BC6D5 /* ImageIO.framework in Frameworks */,
				B12F03511C8FECEE007BC6D5 /* AssetsLibrary.framework in Frameworks */,
				B12F034F1C8FECE2007BC6D5 /* QuartzCore.framework in Frameworks */,
			);
			runOnlyForDeploymentPostprocessing = 0;
		};
/* End PBXFrameworksBuildPhase section */

/* Begin PBXGroup section */
		B12F03131C8FEC0F007BC6D5 /* YYWebImage */ = {
			isa = PBXGroup;
			children = (
				B12F03141C8FEC0F007BC6D5 /* Cache */,
				B12F031D1C8FEC0F007BC6D5 /* Categories */,
				B12F032A1C8FEC0F007BC6D5 /* Image */,
				B12F03351C8FEC0F007BC6D5 /* YYImageCache.h */,
				B12F03361C8FEC0F007BC6D5 /* YYImageCache.m */,
				B12F03371C8FEC0F007BC6D5 /* YYWebImage.h */,
				B12F03381C8FEC0F007BC6D5 /* YYWebImageManager.h */,
				B12F03391C8FEC0F007BC6D5 /* YYWebImageManager.m */,
				B12F033A1C8FEC0F007BC6D5 /* YYWebImageOperation.h */,
				B12F033B1C8FEC0F007BC6D5 /* YYWebImageOperation.m */,
			);
			path = YYWebImage;
			sourceTree = "<group>";
		};
		B12F03141C8FEC0F007BC6D5 /* Cache */ = {
			isa = PBXGroup;
			children = (
				B12F03151C8FEC0F007BC6D5 /* YYCache.h */,
				B12F03161C8FEC0F007BC6D5 /* YYCache.m */,
				B12F03171C8FEC0F007BC6D5 /* YYDiskCache.h */,
				B12F03181C8FEC0F007BC6D5 /* YYDiskCache.m */,
				B12F03191C8FEC0F007BC6D5 /* YYKVStorage.h */,
				B12F031A1C8FEC0F007BC6D5 /* YYKVStorage.m */,
				B12F031B1C8FEC0F007BC6D5 /* YYMemoryCache.h */,
				B12F031C1C8FEC0F007BC6D5 /* YYMemoryCache.m */,
			);
			path = Cache;
			sourceTree = "<group>";
		};
		B12F031D1C8FEC0F007BC6D5 /* Categories */ = {
			isa = PBXGroup;
			children = (
				B12F031E1C8FEC0F007BC6D5 /* _YYWebImageSetter.h */,
				B12F031F1C8FEC0F007BC6D5 /* _YYWebImageSetter.m */,
				B12F03201C8FEC0F007BC6D5 /* CALayer+YYWebImage.h */,
				B12F03211C8FEC0F007BC6D5 /* CALayer+YYWebImage.m */,
				B12F03221C8FEC0F007BC6D5 /* MKAnnotationView+YYWebImage.h */,
				B12F03231C8FEC0F007BC6D5 /* MKAnnotationView+YYWebImage.m */,
				B12F03241C8FEC0F007BC6D5 /* UIButton+YYWebImage.h */,
				B12F03251C8FEC0F007BC6D5 /* UIButton+YYWebImage.m */,
				B12F03261C8FEC0F007BC6D5 /* UIImage+YYWebImage.h */,
				B12F03271C8FEC0F007BC6D5 /* UIImage+YYWebImage.m */,
				B12F03281C8FEC0F007BC6D5 /* UIImageView+YYWebImage.h */,
				B12F03291C8FEC0F007BC6D5 /* UIImageView+YYWebImage.m */,
			);
			path = Categories;
			sourceTree = "<group>";
		};
		B12F032A1C8FEC0F007BC6D5 /* Image */ = {
			isa = PBXGroup;
			children = (
				B12F032B1C8FEC0F007BC6D5 /* YYAnimatedImageView.h */,
				B12F032C1C8FEC0F007BC6D5 /* YYAnimatedImageView.m */,
				B12F032D1C8FEC0F007BC6D5 /* YYFrameImage.h */,
				B12F032E1C8FEC0F007BC6D5 /* YYFrameImage.m */,
				B12F032F1C8FEC0F007BC6D5 /* YYImage.h */,
				B12F03301C8FEC0F007BC6D5 /* YYImage.m */,
				B12F03311C8FEC0F007BC6D5 /* YYImageCoder.h */,
				B12F03321C8FEC0F007BC6D5 /* YYImageCoder.m */,
				B12F03331C8FEC0F007BC6D5 /* YYSpriteSheetImage.h */,
				B12F03341C8FEC0F007BC6D5 /* YYSpriteSheetImage.m */,
			);
			path = Image;
			sourceTree = "<group>";
		};
		B15D76A81C87EFCB0037E02E /* YYModel */ = {
			isa = PBXGroup;
			children = (
				B15D76A91C87EFCB0037E02E /* NSObject+YYModel.h */,
				B15D76AA1C87EFCB0037E02E /* NSObject+YYModel.m */,
				B15D76AB1C87EFCB0037E02E /* YYClassInfo.h */,
				B15D76AC1C87EFCB0037E02E /* YYClassInfo.m */,
				B15D76AD1C87EFCB0037E02E /* YYModel.h */,
			);
			path = YYModel;
			sourceTree = "<group>";
		};
		B15D76B01C8805D50037E02E /* Display rows */ = {
			isa = PBXGroup;
			children = (
				B15D76B11C8806A20037E02E /* AZButtonRow.h */,
				B15D76B21C8806A20037E02E /* AZButtonRow.m */,
				B15D76B41C8806C90037E02E /* AZButtonTableViewCell.h */,
				B15D76B51C8806C90037E02E /* AZButtonTableViewCell.m */,
			);
			name = "Display rows";
			sourceTree = "<group>";
		};
		B15D76BD1C8977FE0037E02E /* Form rows */ = {
			isa = PBXGroup;
			children = (
				B15D76CC1C89817E0037E02E /* AZTableView.bundle */,
				B15D76BE1C8978330037E02E /* AZFieldRow.h */,
				B15D76BF1C8978330037E02E /* AZFieldRow.m */,
				B15D76C11C8978510037E02E /* AZFieldTableViewCell.h */,
				B15D76C21C8978510037E02E /* AZFieldTableViewCell.m */,
				B15D76C41C8978650037E02E /* AZInputRow.h */,
				B15D76C51C8978650037E02E /* AZInputRow.m */,
				B15D76C71C8978930037E02E /* AZInputTableViewCell.h */,
				B15D76C81C8978930037E02E /* AZInputTableViewCell.m */,
			);
			name = "Form rows";
			sourceTree = "<group>";
		};
		B199D4EB1C86D4F200369782 = {
			isa = PBXGroup;
			children = (
				B12F03131C8FEC0F007BC6D5 /* YYWebImage */,
				B15D76A81C87EFCB0037E02E /* YYModel */,
				B199D50E1C86D57200369782 /* AZTableView */,
				B199D4F61C86D4F200369782 /* AZTableViewExample */,
				B199D4F51C86D4F200369782 /* Products */,
			);
			sourceTree = "<group>";
		};
		B199D4F51C86D4F200369782 /* Products */ = {
			isa = PBXGroup;
			children = (
				B199D4F41C86D4F200369782 /* AZTableViewExample.app */,
			);
			name = Products;
			sourceTree = "<group>";
		};
		B199D4F61C86D4F200369782 /* AZTableViewExample */ = {
			isa = PBXGroup;
			children = (
				B199D4FA1C86D4F200369782 /* AppDelegate.h */,
				B199D4FB1C86D4F300369782 /* AppDelegate.m */,
				B199D4FD1C86D4F300369782 /* ViewController.h */,
				B199D4FE1C86D4F300369782 /* ViewController.m */,
				B15D76A51C87D8EA0037E02E /* tableViewController.h */,
				B15D76A61C87D8EA0037E02E /* tableViewController.m */,
				B199D5031C86D4F300369782 /* Assets.xcassets */,
				B199D5051C86D4F300369782 /* LaunchScreen.storyboard */,
				B199D5081C86D4F300369782 /* Info.plist */,
				B199D4F71C86D4F200369782 /* Supporting Files */,
				B15D76B71C8847BA0037E02E /* sectionTemplate.json */,
				B15D76CA1C897DE20037E02E /* basicForm.json */,
			);
			path = AZTableViewExample;
			sourceTree = "<group>";
		};
		B199D4F71C86D4F200369782 /* Supporting Files */ = {
			isa = PBXGroup;
			children = (
				B12F035A1C8FED48007BC6D5 /* libsqlite3.tbd */,
				B12F03581C8FED3E007BC6D5 /* libz.tbd */,
				B12F03561C8FED15007BC6D5 /* MobileCoreServices.framework */,
				B12F03541C8FED0C007BC6D5 /* Accelerate.framework */,
				B12F03521C8FED04007BC6D5 /* ImageIO.framework */,
				B12F03501C8FECEE007BC6D5 /* AssetsLibrary.framework */,
				B12F034E1C8FECE2007BC6D5 /* QuartzCore.framework */,
				B199D4F81C86D4F200369782 /* main.m */,
			);
			name = "Supporting Files";
			sourceTree = "<group>";
		};
		B199D50E1C86D57200369782 /* AZTableView */ = {
			isa = PBXGroup;
			children = (
				B199D50F1C86D58C00369782 /* AZTableView.h */,
				B199D5101C86D58C00369782 /* AZTableView.m */,
				B199D5201C86E51C00369782 /* AZTableViewCell.h */,
				B199D5211C86E51C00369782 /* AZTableViewCell.m */,
				B15D76B91C893B370037E02E /* AZConvert.h */,
				B15D76BA1C893B370037E02E /* AZConvert.m */,
				B199D5141C86E11E00369782 /* AZRoot.h */,
				B199D5151C86E11E00369782 /* AZRoot.m */,
				B199D5171C86E1BB00369782 /* AZSection.h */,
				B199D5181C86E1BB00369782 /* AZSection.m */,
				B199D51A1C86E1CE00369782 /* AZRow.h */,
				B199D51B1C86E1CE00369782 /* AZRow.m */,
				B199D51D1C86E1E400369782 /* AZItem.h */,
				B199D51E1C86E1E400369782 /* AZItem.m */,
				B199D5231C86F10E00369782 /* AZTableViewDataSource.h */,
				B199D5241C86F10E00369782 /* AZTableViewDataSource.m */,
				B199D5261C86F75100369782 /* AZTableViewDelegate.h */,
				B199D5271C86F75100369782 /* AZTableViewDelegate.m */,
				B199D5291C86F7C300369782 /* AZTableViewDelegateWithRowHeight.h */,
				B199D52A1C86F7C300369782 /* AZTableViewDelegateWithRowHeight.m */,
				B15D76BD1C8977FE0037E02E /* Form rows */,
				B15D76B01C8805D50037E02E /* Display rows */,
			);
			path = AZTableView;
			sourceTree = "<group>";
		};
/* End PBXGroup section */

/* Begin PBXNativeTarget section */
		B199D4F31C86D4F200369782 /* AZTableViewExample */ = {
			isa = PBXNativeTarget;
			buildConfigurationList = B199D50B1C86D4F300369782 /* Build configuration list for PBXNativeTarget "AZTableViewExample" */;
			buildPhases = (
				B199D4F01C86D4F200369782 /* Sources */,
				B199D4F11C86D4F200369782 /* Frameworks */,
				B199D4F21C86D4F200369782 /* Resources */,
			);
			buildRules = (
			);
			dependencies = (
			);
			name = AZTableViewExample;
			productName = AZTableViewExample;
			productReference = B199D4F41C86D4F200369782 /* AZTableViewExample.app */;
			productType = "com.apple.product-type.application";
		};
/* End PBXNativeTarget section */

/* Begin PBXProject section */
		B199D4EC1C86D4F200369782 /* Project object */ = {
			isa = PBXProject;
			attributes = {
				LastUpgradeCheck = 0720;
				ORGANIZATIONNAME = "Arron Zhang";
				TargetAttributes = {
					B199D4F31C86D4F200369782 = {
						CreatedOnToolsVersion = 7.2.1;
					};
				};
			};
			buildConfigurationList = B199D4EF1C86D4F200369782 /* Build configuration list for PBXProject "AZTableViewExample" */;
			compatibilityVersion = "Xcode 3.2";
			developmentRegion = English;
			hasScannedForEncodings = 0;
			knownRegions = (
				en,
				Base,
			);
			mainGroup = B199D4EB1C86D4F200369782;
			productRefGroup = B199D4F51C86D4F200369782 /* Products */;
			projectDirPath = "";
			projectRoot = "";
			targets = (
				B199D4F31C86D4F200369782 /* AZTableViewExample */,
			);
		};
/* End PBXProject section */

/* Begin PBXResourcesBuildPhase section */
		B199D4F21C86D4F200369782 /* Resources */ = {
			isa = PBXResourcesBuildPhase;
			buildActionMask = 2147483647;
			files = (
				B15D76CB1C897DE20037E02E /* basicForm.json in Resources */,
				B199D5071C86D4F300369782 /* LaunchScreen.storyboard in Resources */,
				B15D76CD1C89817E0037E02E /* AZTableView.bundle in Resources */,
				B15D76B81C8847BA0037E02E /* sectionTemplate.json in Resources */,
				B199D5041C86D4F300369782 /* Assets.xcassets in Resources */,
			);
			runOnlyForDeploymentPostprocessing = 0;
		};
/* End PBXResourcesBuildPhase section */

/* Begin PBXSourcesBuildPhase section */
		B199D4F01C86D4F200369782 /* Sources */ = {
			isa = PBXSourcesBuildPhase;
			buildActionMask = 2147483647;
			files = (
				B15D76A71C87D8EA0037E02E /* tableViewController.m in Sources */,
				B12F03471C8FEC0F007BC6D5 /* YYFrameImage.m in Sources */,
				B199D5221C86E51C00369782 /* AZTableViewCell.m in Sources */,
				B199D5161C86E11E00369782 /* AZRoot.m in Sources */,
				B12F03401C8FEC0F007BC6D5 /* _YYWebImageSetter.m in Sources */,
				B12F033F1C8FEC0F007BC6D5 /* YYMemoryCache.m in Sources */,
				B12F034C1C8FEC0F007BC6D5 /* YYWebImageManager.m in Sources */,
				B12F034B1C8FEC0F007BC6D5 /* YYImageCache.m in Sources */,
				B15D76C91C8978930037E02E /* AZInputTableViewCell.m in Sources */,
				B199D5281C86F75100369782 /* AZTableViewDelegate.m in Sources */,
				B199D4FF1C86D4F300369782 /* ViewController.m in Sources */,
				B199D5191C86E1BB00369782 /* AZSection.m in Sources */,
				B199D4FC1C86D4F300369782 /* AppDelegate.m in Sources */,
				B15D76C31C8978510037E02E /* AZFieldTableViewCell.m in Sources */,
				B12F033E1C8FEC0F007BC6D5 /* YYKVStorage.m in Sources */,
				B12F033D1C8FEC0F007BC6D5 /* YYDiskCache.m in Sources */,
				B12F03481C8FEC0F007BC6D5 /* YYImage.m in Sources */,
				B12F03491C8FEC0F007BC6D5 /* YYImageCoder.m in Sources */,
				B12F03451C8FEC0F007BC6D5 /* UIImageView+YYWebImage.m in Sources */,
				B15D76C01C8978330037E02E /* AZFieldRow.m in Sources */,
				B12F03461C8FEC0F007BC6D5 /* YYAnimatedImageView.m in Sources */,
				B12F03421C8FEC0F007BC6D5 /* MKAnnotationView+YYWebImage.m in Sources */,
				B15D76B31C8806A20037E02E /* AZButtonRow.m in Sources */,
				B15D76BB1C893B370037E02E /* AZConvert.m in Sources */,
				B15D76C61C8978650037E02E /* AZInputRow.m in Sources */,
				B199D51C1C86E1CE00369782 /* AZRow.m in Sources */,
				B199D52B1C86F7C300369782 /* AZTableViewDelegateWithRowHeight.m in Sources */,
				B15D76AE1C87EFCB0037E02E /* NSObject+YYModel.m in Sources */,
				B12F034D1C8FEC0F007BC6D5 /* YYWebImageOperation.m in Sources */,
				B12F03441C8FEC0F007BC6D5 /* UIImage+YYWebImage.m in Sources */,
				B199D51F1C86E1E400369782 /* AZItem.m in Sources */,
				B199D5111C86D58C00369782 /* AZTableView.m in Sources */,
				B199D4F91C86D4F200369782 /* main.m in Sources */,
				B15D76B61C8806C90037E02E /* AZButtonTableViewCell.m in Sources */,
				B15D76AF1C87EFCB0037E02E /* YYClassInfo.m in Sources */,
				B12F033C1C8FEC0F007BC6D5 /* YYCache.m in Sources */,
				B12F034A1C8FEC0F007BC6D5 /* YYSpriteSheetImage.m in Sources */,
				B12F03411C8FEC0F007BC6D5 /* CALayer+YYWebImage.m in Sources */,
				B12F03431C8FEC0F007BC6D5 /* UIButton+YYWebImage.m in Sources */,
				B199D5251C86F10E00369782 /* AZTableViewDataSource.m in Sources */,
			);
			runOnlyForDeploymentPostprocessing = 0;
		};
/* End PBXSourcesBuildPhase section */

/* Begin PBXVariantGroup section */
		B199D5051C86D4F300369782 /* LaunchScreen.storyboard */ = {
			isa = PBXVariantGroup;
			children = (
				B199D5061C86D4F300369782 /* Base */,
			);
			name = LaunchScreen.storyboard;
			sourceTree = "<group>";
		};
/* End PBXVariantGroup section */

/* Begin XCBuildConfiguration section */
		B199D5091C86D4F300369782 /* Debug */ = {
			isa = XCBuildConfiguration;
			buildSettings = {
				ALWAYS_SEARCH_USER_PATHS = NO;
				CLANG_CXX_LANGUAGE_STANDARD = "gnu++0x";
				CLANG_CXX_LIBRARY = "libc++";
				CLANG_ENABLE_MODULES = YES;
				CLANG_ENABLE_OBJC_ARC = YES;
				CLANG_WARN_BOOL_CONVERSION = YES;
				CLANG_WARN_CONSTANT_CONVERSION = YES;
				CLANG_WARN_DIRECT_OBJC_ISA_USAGE = YES_ERROR;
				CLANG_WARN_EMPTY_BODY = YES;
				CLANG_WARN_ENUM_CONVERSION = YES;
				CLANG_WARN_INT_CONVERSION = YES;
				CLANG_WARN_OBJC_ROOT_CLASS = YES_ERROR;
				CLANG_WARN_UNREACHABLE_CODE = YES;
				CLANG_WARN__DUPLICATE_METHOD_MATCH = YES;
				"CODE_SIGN_IDENTITY[sdk=iphoneos*]" = "iPhone Developer";
				COPY_PHASE_STRIP = NO;
				DEBUG_INFORMATION_FORMAT = dwarf;
				ENABLE_STRICT_OBJC_MSGSEND = YES;
				ENABLE_TESTABILITY = YES;
				GCC_C_LANGUAGE_STANDARD = gnu99;
				GCC_DYNAMIC_NO_PIC = NO;
				GCC_NO_COMMON_BLOCKS = YES;
				GCC_OPTIMIZATION_LEVEL = 0;
				GCC_PREPROCESSOR_DEFINITIONS = (
					"DEBUG=1",
					"$(inherited)",
				);
				GCC_WARN_64_TO_32_BIT_CONVERSION = YES;
				GCC_WARN_ABOUT_RETURN_TYPE = YES_ERROR;
				GCC_WARN_UNDECLARED_SELECTOR = YES;
				GCC_WARN_UNINITIALIZED_AUTOS = YES_AGGRESSIVE;
				GCC_WARN_UNUSED_FUNCTION = YES;
				GCC_WARN_UNUSED_VARIABLE = YES;
				IPHONEOS_DEPLOYMENT_TARGET = 7.0;
				MTL_ENABLE_DEBUG_INFO = YES;
				ONLY_ACTIVE_ARCH = YES;
				SDKROOT = iphoneos;
				TARGETED_DEVICE_FAMILY = "1,2";
			};
			name = Debug;
		};
		B199D50A1C86D4F300369782 /* Release */ = {
			isa = XCBuildConfiguration;
			buildSettings = {
				ALWAYS_SEARCH_USER_PATHS = NO;
				CLANG_CXX_LANGUAGE_STANDARD = "gnu++0x";
				CLANG_CXX_LIBRARY = "libc++";
				CLANG_ENABLE_MODULES = YES;
				CLANG_ENABLE_OBJC_ARC = YES;
				CLANG_WARN_BOOL_CONVERSION = YES;
				CLANG_WARN_CONSTANT_CONVERSION = YES;
				CLANG_WARN_DIRECT_OBJC_ISA_USAGE = YES_ERROR;
				CLANG_WARN_EMPTY_BODY = YES;
				CLANG_WARN_ENUM_CONVERSION = YES;
				CLANG_WARN_INT_CONVERSION = YES;
				CLANG_WARN_OBJC_ROOT_CLASS = YES_ERROR;
				CLANG_WARN_UNREACHABLE_CODE = YES;
				CLANG_WARN__DUPLICATE_METHOD_MATCH = YES;
				"CODE_SIGN_IDENTITY[sdk=iphoneos*]" = "iPhone Developer";
				COPY_PHASE_STRIP = NO;
				DEBUG_INFORMATION_FORMAT = "dwarf-with-dsym";
				ENABLE_NS_ASSERTIONS = NO;
				ENABLE_STRICT_OBJC_MSGSEND = YES;
				GCC_C_LANGUAGE_STANDARD = gnu99;
				GCC_NO_COMMON_BLOCKS = YES;
				GCC_WARN_64_TO_32_BIT_CONVERSION = YES;
				GCC_WARN_ABOUT_RETURN_TYPE = YES_ERROR;
				GCC_WARN_UNDECLARED_SELECTOR = YES;
				GCC_WARN_UNINITIALIZED_AUTOS = YES_AGGRESSIVE;
				GCC_WARN_UNUSED_FUNCTION = YES;
				GCC_WARN_UNUSED_VARIABLE = YES;
				IPHONEOS_DEPLOYMENT_TARGET = 7.0;
				MTL_ENABLE_DEBUG_INFO = NO;
				SDKROOT = iphoneos;
				TARGETED_DEVICE_FAMILY = "1,2";
				VALIDATE_PRODUCT = YES;
			};
			name = Release;
		};
		B199D50C1C86D4F300369782 /* Debug */ = {
			isa = XCBuildConfiguration;
			buildSettings = {
				ASSETCATALOG_COMPILER_APPICON_NAME = AppIcon;
				FRAMEWORK_SEARCH_PATHS = (
					"$(inherited)",
					"$(PROJECT_DIR)/Carthage/Build/iOS",
				);
				INFOPLIST_FILE = AZTableViewExample/Info.plist;
				IPHONEOS_DEPLOYMENT_TARGET = 7.0;
				LD_RUNPATH_SEARCH_PATHS = "$(inherited) @executable_path/Frameworks";
				PRODUCT_BUNDLE_IDENTIFIER = com.zhixingapp.AZTableViewExample;
				PRODUCT_NAME = "$(TARGET_NAME)";
			};
			name = Debug;
		};
		B199D50D1C86D4F300369782 /* Release */ = {
			isa = XCBuildConfiguration;
			buildSettings = {
				ASSETCATALOG_COMPILER_APPICON_NAME = AppIcon;
				FRAMEWORK_SEARCH_PATHS = (
					"$(inherited)",
					"$(PROJECT_DIR)/Carthage/Build/iOS",
				);
				INFOPLIST_FILE = AZTableViewExample/Info.plist;
				IPHONEOS_DEPLOYMENT_TARGET = 7.0;
				LD_RUNPATH_SEARCH_PATHS = "$(inherited) @executable_path/Frameworks";
				PRODUCT_BUNDLE_IDENTIFIER = com.zhixingapp.AZTableViewExample;
				PRODUCT_NAME = "$(TARGET_NAME)";
			};
			name = Release;
		};
/* End XCBuildConfiguration section */

/* Begin XCConfigurationList section */
		B199D4EF1C86D4F200369782 /* Build configuration list for PBXProject "AZTableViewExample" */ = {
			isa = XCConfigurationList;
			buildConfigurations = (
				B199D5091C86D4F300369782 /* Debug */,
				B199D50A1C86D4F300369782 /* Release */,
			);
			defaultConfigurationIsVisible = 0;
			defaultConfigurationName = Release;
		};
		B199D50B1C86D4F300369782 /* Build configuration list for PBXNativeTarget "AZTableViewExample" */ = {
			isa = XCConfigurationList;
			buildConfigurations = (
				B199D50C1C86D4F300369782 /* Debug */,
				B199D50D1C86D4F300369782 /* Release */,
			);
			defaultConfigurationIsVisible = 0;
			defaultConfigurationName = Release;
		};
/* End XCConfigurationList section */
	};
	rootObject = B199D4EC1C86D4F200369782 /* Project object */;
}
